<Solution>
  <Folder Name="/src/">
    <Project Path="src/BillingExtractor.API/BillingExtractor.API.csproj" />
    <Project Path="src/BillingExtractor.Business/BillingExtractor.Business.csproj" />
    <Project Path="src/BillingExtractor.Data/BillingExtractor.Data.csproj" />
  </Folder>
  <Folder Name="/tests/">
    <Project Path="tests/BillingExtractor.Business.Tests/BillingExtractor.Business.Tests.csproj" />
  </Folder>
</Solution>
